
Microsoft Visual Studio Solution File, Format Version 12.00
# Visual Studio Version 16
VisualStudioVersion = 16.0.30516.212
MinimumVisualStudioVersion = 10.0.40219.1
Project("{9A19103F-16F7-4668-BE54-9A1E7A4F7556}") = "BlueBird", "BlueBird\BlueBird.csproj", "{8811EF08-3066-4DEB-9C8B-3E90421537E4}"
EndProject
Global
	GlobalSection(SolutionConfigurationPlatforms) = preSolution
		Debug|Any CPU = Debug|Any CPU
		Release|Any CPU = Release|Any CPU
	EndGlobalSection
	GlobalSection(ProjectConfigurationPlatforms) = postSolution
		{8811EF08-3066-4DEB-9C8B-3E90421537E4}.Debug|Any CPU.ActiveCfg = Debug|Any CPU
		{8811EF08-3066-4DEB-9C8B-3E90421537E4}.Debug|Any CPU.Build.0 = Debug|Any CPU
		{8811EF08-3066-4DEB-9C8B-3E90421537E4}.Release|Any CPU.ActiveCfg = Release|Any CPU
		{8811EF08-3066-4DEB-9C8B-3E90421537E4}.Release|Any CPU.Build.0 = Release|Any CPU
	EndGlobalSection
	GlobalSection(SolutionProperties) = preSolution
		HideSolutionNode = FALSE
	EndGlobalSection
	GlobalSection(ExtensibilityGlobals) = postSolution
		SolutionGuid = {14690B88-95B2-4BD1-9D38-1072A67E84F9}
	EndGlobalSection
EndGlobal
